
Microsoft Visual Studio Solution File, Format Version 12.00
# Visual Studio Version 17
VisualStudioVersion = 17.2.32630.192
MinimumVisualStudioVersion = 10.0.40219.1
Project("{FAE04EC0-301F-11D3-BF4B-00C04F79EFBC}") = "exSeptSeg", "exSeptSeg\exSeptSeg.csproj", "{8B4998A2-BB2C-4845-987C-B4FAB682510C}"
EndProject
Project("{FAE04EC0-301F-11D3-BF4B-00C04F79EFBC}") = "UnitTest1", "UnitTest1\UnitTest1.csproj", "{9C57B9A1-6117-4CFC-A381-68510463F37D}"
EndProject
Global
	GlobalSection(SolutionConfigurationPlatforms) = preSolution
		Debug|Any CPU = Debug|Any CPU
		Release|Any CPU = Release|Any CPU
	EndGlobalSection
	GlobalSection(ProjectConfigurationPlatforms) = postSolution
		{8B4998A2-BB2C-4845-987C-B4FAB682510C}.Debug|Any CPU.ActiveCfg = Debug|Any CPU
		{8B4998A2-BB2C-4845-987C-B4FAB682510C}.Debug|Any CPU.Build.0 = Debug|Any CPU
		{8B4998A2-BB2C-4845-987C-B4FAB682510C}.Release|Any CPU.ActiveCfg = Release|Any CPU
		{8B4998A2-BB2C-4845-987C-B4FAB682510C}.Release|Any CPU.Build.0 = Release|Any CPU
		{9C57B9A1-6117-4CFC-A381-68510463F37D}.Debug|Any CPU.ActiveCfg = Debug|Any CPU
		{9C57B9A1-6117-4CFC-A381-68510463F37D}.Debug|Any CPU.Build.0 = Debug|Any CPU
		{9C57B9A1-6117-4CFC-A381-68510463F37D}.Release|Any CPU.ActiveCfg = Release|Any CPU
		{9C57B9A1-6117-4CFC-A381-68510463F37D}.Release|Any CPU.Build.0 = Release|Any CPU
	EndGlobalSection
	GlobalSection(SolutionProperties) = preSolution
		HideSolutionNode = FALSE
	EndGlobalSection
	GlobalSection(ExtensibilityGlobals) = postSolution
		SolutionGuid = {A7884ADD-E70B-4F8F-A850-9CCE210C9176}
	EndGlobalSection
EndGlobal
